
Microsoft Visual Studio Solution File, Format Version 12.00
# Visual Studio Version 16
VisualStudioVersion = 16.0.32929.386
MinimumVisualStudioVersion = 10.0.40219.1
Project("{FAE04EC0-301F-11D3-BF4B-00C04F79EFBC}") = "Task1", "Task1\Task1.csproj", "{EA679B11-2721-42BA-B20B-2592B11C29FC}"
EndProject
Global
	GlobalSection(SolutionConfigurationPlatforms) = preSolution
		Debug|Any CPU = Debug|Any CPU
		Release|Any CPU = Release|Any CPU
	EndGlobalSection
	GlobalSection(ProjectConfigurationPlatforms) = postSolution
		{EA679B11-2721-42BA-B20B-2592B11C29FC}.Debug|Any CPU.ActiveCfg = Debug|Any CPU
		{EA679B11-2721-42BA-B20B-2592B11C29FC}.Debug|Any CPU.Build.0 = Debug|Any CPU
		{EA679B11-2721-42BA-B20B-2592B11C29FC}.Release|Any CPU.ActiveCfg = Release|Any CPU
		{EA679B11-2721-42BA-B20B-2592B11C29FC}.Release|Any CPU.Build.0 = Release|Any CPU
	EndGlobalSection
	GlobalSection(SolutionProperties) = preSolution
		HideSolutionNode = FALSE
	EndGlobalSection
	GlobalSection(ExtensibilityGlobals) = postSolution
		SolutionGuid = {0DA5426C-652F-4D3B-A6C7-62655C5CBA09}
	EndGlobalSection
EndGlobal
